
Microsoft Visual Studio Solution File, Format Version 12.00
# Visual Studio 15
VisualStudioVersion = 15.0.28307.271
MinimumVisualStudioVersion = 10.0.40219.1
Project("{FAE04EC0-301F-11D3-BF4B-00C04F79EFBC}") = "AppEmploye.Android", "AppEmploye\AppEmploye.Android\AppEmploye.Android.csproj", "{8CA23C49-1E27-4B62-927D-2698262A8C57}"
EndProject
Project("{FAE04EC0-301F-11D3-BF4B-00C04F79EFBC}") = "AppEmploye", "AppEmploye\AppEmploye\AppEmploye.csproj", "{6FB34F2F-EE30-4D91-872D-B9E54CC8F11B}"
EndProject
Global
	GlobalSection(SolutionConfigurationPlatforms) = preSolution
		Debug|Any CPU = Debug|Any CPU
		Release|Any CPU = Release|Any CPU
	EndGlobalSection
	GlobalSection(ProjectConfigurationPlatforms) = postSolution
		{8CA23C49-1E27-4B62-927D-2698262A8C57}.Debug|Any CPU.ActiveCfg = Debug|Any CPU
		{8CA23C49-1E27-4B62-927D-2698262A8C57}.Debug|Any CPU.Build.0 = Debug|Any CPU
		{8CA23C49-1E27-4B62-927D-2698262A8C57}.Debug|Any CPU.Deploy.0 = Debug|Any CPU
		{8CA23C49-1E27-4B62-927D-2698262A8C57}.Release|Any CPU.ActiveCfg = Release|Any CPU
		{8CA23C49-1E27-4B62-927D-2698262A8C57}.Release|Any CPU.Build.0 = Release|Any CPU
		{8CA23C49-1E27-4B62-927D-2698262A8C57}.Release|Any CPU.Deploy.0 = Release|Any CPU
		{6FB34F2F-EE30-4D91-872D-B9E54CC8F11B}.Debug|Any CPU.ActiveCfg = Debug|Any CPU
		{6FB34F2F-EE30-4D91-872D-B9E54CC8F11B}.Debug|Any CPU.Build.0 = Debug|Any CPU
		{6FB34F2F-EE30-4D91-872D-B9E54CC8F11B}.Debug|Any CPU.Deploy.0 = Debug|Any CPU
		{6FB34F2F-EE30-4D91-872D-B9E54CC8F11B}.Release|Any CPU.ActiveCfg = Release|Any CPU
		{6FB34F2F-EE30-4D91-872D-B9E54CC8F11B}.Release|Any CPU.Build.0 = Release|Any CPU
		{6FB34F2F-EE30-4D91-872D-B9E54CC8F11B}.Release|Any CPU.Deploy.0 = Release|Any CPU
	EndGlobalSection
	GlobalSection(SolutionProperties) = preSolution
		HideSolutionNode = FALSE
	EndGlobalSection
	GlobalSection(ExtensibilityGlobals) = postSolution
		SolutionGuid = {D3ACAF5B-8417-4045-B6E8-8B23634D443E}
	EndGlobalSection
EndGlobal
